
Microsoft Visual Studio Solution File, Format Version 12.00
# Visual Studio 15
Project("{FAE04EC0-301F-11D3-BF4B-00C04F79EFBC}") = "ScriptKit", "ScriptKit\ScriptKit.csproj", "{EFAFC344-F6CC-4126-8A1C-C0A3845A212E}"
EndProject
Global
	GlobalSection(SolutionConfigurationPlatforms) = preSolution
		Debug|Any CPU = Debug|Any CPU
		Release|Any CPU = Release|Any CPU
	EndGlobalSection
	GlobalSection(ProjectConfigurationPlatforms) = postSolution
		{EFAFC344-F6CC-4126-8A1C-C0A3845A212E}.Debug|Any CPU.ActiveCfg = Debug|Any CPU
		{EFAFC344-F6CC-4126-8A1C-C0A3845A212E}.Debug|Any CPU.Build.0 = Debug|Any CPU
		{EFAFC344-F6CC-4126-8A1C-C0A3845A212E}.Release|Any CPU.ActiveCfg = Release|Any CPU
		{EFAFC344-F6CC-4126-8A1C-C0A3845A212E}.Release|Any CPU.Build.0 = Release|Any CPU
	EndGlobalSection
EndGlobal
